# THIS IS AN AUTOGENERATED FILE. DO NOT EDIT THIS FILE DIRECTLY.
# yarn lockfile v1


semver@^5.4.1:
  version "5.7.1"
  resolved "https://registry.yarnpkg.com/semver/-/semver-5.7.1.tgz#a954f931aeba508d307bbf069eff0c01c96116f7"
  integrity sha512-sauaDf/PZdVgrLTNYHRtpXa1iRiKcaebiKQ1BJdpQlWH2lCvexQdX55snPFyK7QzpudqbCI0qXFfOasHdyNDGQ==

yarnif@^1.5.0:
  version "1.5.0"
  resolved "https://registry.yarnpkg.com/yarnif/-/yarnif-1.5.0.tgz#a3a7b9c6a7b95f5425cb9ac1a748d9b27987969e"
  integrity sha512-/fsmI+ALbqokhle16mte0xqxsrjSUuCpjPRUiSGozlK6g4ocEdVRm60qXBVynjj7polVxU4t3aQSwEO3vjDaHw==
  dependencies:
    semver "^5.4.1"
